
Microsoft Visual Studio Solution File, Format Version 12.00
# Visual Studio Version 17
VisualStudioVersion = 17.9.34728.123
MinimumVisualStudioVersion = 10.0.40219.1
Project("{FAE04EC0-301F-11D3-BF4B-00C04F79EFBC}") = "Exchange", "Exchange\Exchange.csproj", "{4A7E658F-2B9D-4A17-B2A4-F7AD2DE36421}"
EndProject
Global
	GlobalSection(SolutionConfigurationPlatforms) = preSolution
		Debug|Any CPU = Debug|Any CPU
		Release|Any CPU = Release|Any CPU
	EndGlobalSection
	GlobalSection(ProjectConfigurationPlatforms) = postSolution
		{4A7E658F-2B9D-4A17-B2A4-F7AD2DE36421}.Debug|Any CPU.ActiveCfg = Debug|Any CPU
		{4A7E658F-2B9D-4A17-B2A4-F7AD2DE36421}.Debug|Any CPU.Build.0 = Debug|Any CPU
		{4A7E658F-2B9D-4A17-B2A4-F7AD2DE36421}.Release|Any CPU.ActiveCfg = Release|Any CPU
		{4A7E658F-2B9D-4A17-B2A4-F7AD2DE36421}.Release|Any CPU.Build.0 = Release|Any CPU
	EndGlobalSection
	GlobalSection(SolutionProperties) = preSolution
		HideSolutionNode = FALSE
	EndGlobalSection
	GlobalSection(ExtensibilityGlobals) = postSolution
		SolutionGuid = {4472886F-FCA8-4007-935B-9E350E5752E8}
	EndGlobalSection
EndGlobal
